
Microsoft Visual Studio Solution File, Format Version 12.00
# Visual Studio Version 17
VisualStudioVersion = 17.3.32929.385
MinimumVisualStudioVersion = 10.0.40219.1
Project("{FAE04EC0-301F-11D3-BF4B-00C04F79EFBC}") = "Console_Array", "Console_Array.csproj", "{57C7BA42-D62C-4477-A3F4-2667CD377E2F}"
EndProject
Global
	GlobalSection(SolutionConfigurationPlatforms) = preSolution
		Debug|Any CPU = Debug|Any CPU
		Release|Any CPU = Release|Any CPU
	EndGlobalSection
	GlobalSection(ProjectConfigurationPlatforms) = postSolution
		{57C7BA42-D62C-4477-A3F4-2667CD377E2F}.Debug|Any CPU.ActiveCfg = Debug|Any CPU
		{57C7BA42-D62C-4477-A3F4-2667CD377E2F}.Debug|Any CPU.Build.0 = Debug|Any CPU
		{57C7BA42-D62C-4477-A3F4-2667CD377E2F}.Release|Any CPU.ActiveCfg = Release|Any CPU
		{57C7BA42-D62C-4477-A3F4-2667CD377E2F}.Release|Any CPU.Build.0 = Release|Any CPU
	EndGlobalSection
	GlobalSection(SolutionProperties) = preSolution
		HideSolutionNode = FALSE
	EndGlobalSection
	GlobalSection(ExtensibilityGlobals) = postSolution
		SolutionGuid = {662FB161-BD9F-49FB-A556-4498CD23BAE2}
	EndGlobalSection
EndGlobal
